<?xml version="1.0" encoding="utf-8"?>
<Project ToolsVersion="4.0" xmlns="http://schemas.microsoft.com/developer/msbuild/2003">
  <ItemGroup>
    <Filter Include="Source Files">
      <UniqueIdentifier>{4FC737F1-C7A5-4376-A066-2A32D752A2FF}</UniqueIdentifier>
      <Extensions>cpp;c;cc;cxx;def;odl;idl;hpj;bat;asm;asmx</Extensions>
    </Filter>
    <Filter Include="Header Files">
      <UniqueIdentifier>{93995380-89BD-4b04-88EB-625FBE52EBFB}</UniqueIdentifier>
      <Extensions>h;hh;hpp;hxx;hm;inl;inc;ipp;xsd</Extensions>
    </Filter>
    <Filter Include="Resource Files">
      <UniqueIdentifier>{67DA6AB6-F800-4c08-8B7A-83BB121AAD01}</UniqueIdentifier>
      <Extensions>rc;ico;cur;bmp;dlg;rc2;rct;bin;rgs;gif;jpg;jpeg;jpe;resx;tiff;tif;png;wav;mfcribbon-ms</Extensions>
    </Filter>
    <Filter Include="Header Files\Model">
      <UniqueIdentifier>{cbc8bbcd-8973-4b8a-a9ff-9404339bc58b}</UniqueIdentifier>
    </Filter>
    <Filter Include="Header Files\Controller">
      <UniqueIdentifier>{19135ce6-fde6-47bc-92be-8824fe8fb6c7}</UniqueIdentifier>
    </Filter>
    <Filter Include="Header Files\View">
      <UniqueIdentifier>{473e4ef5-c26a-4c72-8d8a-94cfbd075557}</UniqueIdentifier>
    </Filter>
    <Filter Include="Header Files\Types">
      <UniqueIdentifier>{7186eade-ef9d-4f89-b5c0-7384867c922e}</UniqueIdentifier>
    </Filter>
    <Filter Include="Source Files\Types">
      <UniqueIdentifier>{1603afc2-8539-43d2-ac93-c2ee8be757d3}</UniqueIdentifier>
    </Filter>
    <Filter Include="Header Files\Enumeration">
      <UniqueIdentifier>{e0306f3b-d7e5-4d12-9542-c4d41e7e72bc}</UniqueIdentifier>
    </Filter>
    <Filter Include="Header Files\Model\Cannons">
      <UniqueIdentifier>{bf5bd3d1-548c-46a9-99b7-442a98d98593}</UniqueIdentifier>
    </Filter>
    <Filter Include="Header Files\Model\Ships">
      <UniqueIdentifier>{5235e673-10bf-44ce-bf06-23bc3c13b18e}</UniqueIdentifier>
    </Filter>
    <Filter Include="Source Files\Controller">
      <UniqueIdentifier>{30b56727-9ef9-48fb-a33e-2213055c1c15}</UniqueIdentifier>
    </Filter>
    <Filter Include="Source Files\Model">
      <UniqueIdentifier>{f75d32f3-5aee-4a49-9ca8-6bab531c851f}</UniqueIdentifier>
    </Filter>
    <Filter Include="Source Files\View">
      <UniqueIdentifier>{4c3f2030-0e27-4850-aab5-dfe60748c193}</UniqueIdentifier>
    </Filter>
    <Filter Include="Source Files\Model\Cannons">
      <UniqueIdentifier>{e84a94cc-d70c-4811-8023-2cb35a7bd928}</UniqueIdentifier>
    </Filter>
    <Filter Include="Source Files\Model\Ships">
      <UniqueIdentifier>{17283b3b-9e98-467d-aff4-b56f1ccfa64a}</UniqueIdentifier>
    </Filter>
  </ItemGroup>
  <ItemGroup>
    <ClCompile Include="main.cpp">
      <Filter>Source Files</Filter>
    </ClCompile>
    <ClCompile Include="string.cpp">
      <Filter>Source Files\Types</Filter>
    </ClCompile>
    <ClCompile Include="cannon.cpp">
      <Filter>Source Files\Model\Cannons</Filter>
    </ClCompile>
    <ClCompile Include="light_cannon.cpp">
      <Filter>Source Files\Model\Cannons</Filter>
    </ClCompile>
    <ClCompile Include="heavy_cannon.cpp">
      <Filter>Source Files\Model\Cannons</Filter>
    </ClCompile>
    <ClCompile Include="medium_cannon.cpp">
      <Filter>Source Files\Model\Cannons</Filter>
    </ClCompile>
    <ClCompile Include="heavy_ship.cpp">
      <Filter>Source Files\Model\Ships</Filter>
    </ClCompile>
    <ClCompile Include="light_ship.cpp">
      <Filter>Source Files\Model\Ships</Filter>
    </ClCompile>
    <ClCompile Include="ship.cpp">
      <Filter>Source Files\Model\Ships</Filter>
    </ClCompile>
    <ClCompile Include="ship_decorator.cpp">
      <Filter>Source Files\Model\Ships</Filter>
    </ClCompile>
    <ClCompile Include="small_ship.cpp">
      <Filter>Source Files\Model\Ships</Filter>
    </ClCompile>
    <ClCompile Include="ship_builder.cpp">
      <Filter>Source Files\Model\Ships</Filter>
    </ClCompile>
    <ClCompile Include="ship_attribute.h">
      <Filter>Header Files\Enumeration</Filter>
    </ClCompile>
  </ItemGroup>
  <ItemGroup>
    <ClInclude Include="string.h">
      <Filter>Header Files\Types</Filter>
    </ClInclude>
    <ClInclude Include="ship_type.h">
      <Filter>Header Files\Enumeration</Filter>
    </ClInclude>
    <ClInclude Include="ship.h">
      <Filter>Header Files\Model\Ships</Filter>
    </ClInclude>
    <ClInclude Include="ship_decorator.h">
      <Filter>Header Files\Model\Ships</Filter>
    </ClInclude>
    <ClInclude Include="light_ship.h">
      <Filter>Header Files\Model\Ships</Filter>
    </ClInclude>
    <ClInclude Include="small_ship.h">
      <Filter>Header Files\Model\Ships</Filter>
    </ClInclude>
    <ClInclude Include="heavy_ship.h">
      <Filter>Header Files\Model\Ships</Filter>
    </ClInclude>
    <ClInclude Include="light_cannon.h">
      <Filter>Header Files\Model\Cannons</Filter>
    </ClInclude>
    <ClInclude Include="cannon.h">
      <Filter>Header Files\Model\Cannons</Filter>
    </ClInclude>
    <ClInclude Include="heavy_cannon.h">
      <Filter>Header Files\Model\Cannons</Filter>
    </ClInclude>
    <ClInclude Include="medium_cannon.h">
      <Filter>Header Files\Model\Cannons</Filter>
    </ClInclude>
    <ClInclude Include="array.h">
      <Filter>Header Files\Types</Filter>
    </ClInclude>
    <ClInclude Include="i_ship.h">
      <Filter>Header Files\Model\Ships</Filter>
    </ClInclude>
    <ClInclude Include="list.h">
      <Filter>Header Files\Types</Filter>
    </ClInclude>
    <ClInclude Include="dictionary.h">
      <Filter>Header Files\Types</Filter>
    </ClInclude>
    <ClInclude Include="ship_builder.h">
      <Filter>Header Files\Model\Ships</Filter>
    </ClInclude>
  </ItemGroup>
  <ItemGroup>
    <None Include="Resources\goederen hoeveelheid.csv">
      <Filter>Resource Files</Filter>
    </None>
    <None Include="Resources\goederen prijzen.csv">
      <Filter>Resource Files</Filter>
    </None>
    <None Include="Resources\schepen.csv">
      <Filter>Resource Files</Filter>
    </None>
    <None Include="Resources\afstanden tussen steden.csv">
      <Filter>Resource Files</Filter>
    </None>
  </ItemGroup>
</Project>